
Microsoft Visual Studio Solution File, Format Version 12.00
# Visual Studio Version 16
VisualStudioVersion = 16.0.29509.3
MinimumVisualStudioVersion = 10.0.40219.1
Project("{FAE04EC0-301F-11D3-BF4B-00C04F79EFBC}") = "CheckPassStrength", "CheckPassStrength\CheckPassStrength.csproj", "{0DA688C6-740F-4E3D-9EE4-461F1C7DE881}"
EndProject
Global
	GlobalSection(SolutionConfigurationPlatforms) = preSolution
		Debug|Any CPU = Debug|Any CPU
		Release|Any CPU = Release|Any CPU
	EndGlobalSection
	GlobalSection(ProjectConfigurationPlatforms) = postSolution
		{0DA688C6-740F-4E3D-9EE4-461F1C7DE881}.Debug|Any CPU.ActiveCfg = Debug|Any CPU
		{0DA688C6-740F-4E3D-9EE4-461F1C7DE881}.Debug|Any CPU.Build.0 = Debug|Any CPU
		{0DA688C6-740F-4E3D-9EE4-461F1C7DE881}.Release|Any CPU.ActiveCfg = Release|Any CPU
		{0DA688C6-740F-4E3D-9EE4-461F1C7DE881}.Release|Any CPU.Build.0 = Release|Any CPU
	EndGlobalSection
	GlobalSection(SolutionProperties) = preSolution
		HideSolutionNode = FALSE
	EndGlobalSection
	GlobalSection(ExtensibilityGlobals) = postSolution
		SolutionGuid = {6F5C969E-3FE7-48DF-AE3D-BC0910026EBF}
	EndGlobalSection
EndGlobal
